
Microsoft Visual Studio Solution File, Format Version 12.00
# Visual Studio Version 17
VisualStudioVersion = 17.8.34322.80
MinimumVisualStudioVersion = 10.0.40219.1
Project("{FAE04EC0-301F-11D3-BF4B-00C04F79EFBC}") = "Halo.MCC.Force.Checkpoints", "Halo.MCC.Force.Checkpoints.csproj", "{4A2D8B6C-2E95-45FB-9D07-4E4FAAC21DA7}"
EndProject
Global
	GlobalSection(SolutionConfigurationPlatforms) = preSolution
		Debug|Any CPU = Debug|Any CPU
		Release|Any CPU = Release|Any CPU
	EndGlobalSection
	GlobalSection(ProjectConfigurationPlatforms) = postSolution
		{4A2D8B6C-2E95-45FB-9D07-4E4FAAC21DA7}.Debug|Any CPU.ActiveCfg = Debug|Any CPU
		{4A2D8B6C-2E95-45FB-9D07-4E4FAAC21DA7}.Debug|Any CPU.Build.0 = Debug|Any CPU
		{4A2D8B6C-2E95-45FB-9D07-4E4FAAC21DA7}.Release|Any CPU.ActiveCfg = Release|Any CPU
		{4A2D8B6C-2E95-45FB-9D07-4E4FAAC21DA7}.Release|Any CPU.Build.0 = Release|Any CPU
	EndGlobalSection
	GlobalSection(SolutionProperties) = preSolution
		HideSolutionNode = FALSE
	EndGlobalSection
	GlobalSection(ExtensibilityGlobals) = postSolution
		SolutionGuid = {B59EDC18-327D-422B-9CF0-8519702AE705}
	EndGlobalSection
EndGlobal
